
Microsoft Visual Studio Solution File, Format Version 12.00
# Visual Studio 15
VisualStudioVersion = 15.0.28307.902
MinimumVisualStudioVersion = 10.0.40219.1
Project("{FAE04EC0-301F-11D3-BF4B-00C04F79EFBC}") = "UI", "UI\UI.csproj", "{50CC5378-3DEE-4FAB-866C-CBE1A9E25535}"
	ProjectSection(ProjectDependencies) = postProject
		{A591AF1C-BE00-4E70-B125-F5A85863A1F9} = {A591AF1C-BE00-4E70-B125-F5A85863A1F9}
		{E78A2941-C4D9-4573-B0D3-FA9D1C839AE3} = {E78A2941-C4D9-4573-B0D3-FA9D1C839AE3}
	EndProjectSection
EndProject
Project("{FAE04EC0-301F-11D3-BF4B-00C04F79EFBC}") = "BLL", "BLL\BLL.csproj", "{A591AF1C-BE00-4E70-B125-F5A85863A1F9}"
EndProject
Project("{FAE04EC0-301F-11D3-BF4B-00C04F79EFBC}") = "Model", "Model\Model.csproj", "{E78A2941-C4D9-4573-B0D3-FA9D1C839AE3}"
EndProject
Project("{FAE04EC0-301F-11D3-BF4B-00C04F79EFBC}") = "DAL", "DAL\DAL.csproj", "{B1645644-4417-44D2-92C0-5B5BF80CC9CC}"
EndProject
Project("{FAE04EC0-301F-11D3-BF4B-00C04F79EFBC}") = "DBUtility", "DBUtility\DBUtility.csproj", "{2E9F288F-74FC-4BA7-8920-7A1421800B7D}"
EndProject
Project("{FAE04EC0-301F-11D3-BF4B-00C04F79EFBC}") = "Common", "Common\Common.csproj", "{2E84EDB0-A00A-423E-B622-F5A8B952AC7C}"
EndProject
Project("{FAE04EC0-301F-11D3-BF4B-00C04F79EFBC}") = "WebApp", "WebApp\WebApp.csproj", "{ED9A0226-F4B6-4EFD-B4F5-9A1E9B3E619D}"
EndProject
Project("{FAE04EC0-301F-11D3-BF4B-00C04F79EFBC}") = "WebMVC", "WebMVC\WebMVC.csproj", "{4AF1FD6A-CAC4-40FE-847F-170F05C14120}"
EndProject
Project("{FAE04EC0-301F-11D3-BF4B-00C04F79EFBC}") = "WebMVC.Tests", "WebMVC.Tests\WebMVC.Tests.csproj", "{F1DD047D-521B-4EF4-BB2F-F276A8272814}"
EndProject
Project("{FAE04EC0-301F-11D3-BF4B-00C04F79EFBC}") = "RKWpf", "RKWpf\RKWpf.csproj", "{B2563597-6EE2-4F5A-AA24-76F55E1449FE}"
EndProject
Global
	GlobalSection(SolutionConfigurationPlatforms) = preSolution
		Debug|Any CPU = Debug|Any CPU
		Debug|Mixed Platforms = Debug|Mixed Platforms
		Debug|x86 = Debug|x86
		Release|Any CPU = Release|Any CPU
		Release|Mixed Platforms = Release|Mixed Platforms
		Release|x86 = Release|x86
	EndGlobalSection
	GlobalSection(ProjectConfigurationPlatforms) = postSolution
		{50CC5378-3DEE-4FAB-866C-CBE1A9E25535}.Debug|Any CPU.ActiveCfg = Debug|Any CPU
		{50CC5378-3DEE-4FAB-866C-CBE1A9E25535}.Debug|Any CPU.Build.0 = Debug|Any CPU
		{50CC5378-3DEE-4FAB-866C-CBE1A9E25535}.Debug|Mixed Platforms.ActiveCfg = Debug|Any CPU
		{50CC5378-3DEE-4FAB-866C-CBE1A9E25535}.Debug|Mixed Platforms.Build.0 = Debug|Any CPU
		{50CC5378-3DEE-4FAB-866C-CBE1A9E25535}.Debug|x86.ActiveCfg = Debug|Any CPU
		{50CC5378-3DEE-4FAB-866C-CBE1A9E25535}.Release|Any CPU.ActiveCfg = Release|Any CPU
		{50CC5378-3DEE-4FAB-866C-CBE1A9E25535}.Release|Any CPU.Build.0 = Release|Any CPU
		{50CC5378-3DEE-4FAB-866C-CBE1A9E25535}.Release|Mixed Platforms.ActiveCfg = Release|Any CPU
		{50CC5378-3DEE-4FAB-866C-CBE1A9E25535}.Release|Mixed Platforms.Build.0 = Release|Any CPU
		{50CC5378-3DEE-4FAB-866C-CBE1A9E25535}.Release|x86.ActiveCfg = Release|Any CPU
		{A591AF1C-BE00-4E70-B125-F5A85863A1F9}.Debug|Any CPU.ActiveCfg = Debug|Any CPU
		{A591AF1C-BE00-4E70-B125-F5A85863A1F9}.Debug|Any CPU.Build.0 = Debug|Any CPU
		{A591AF1C-BE00-4E70-B125-F5A85863A1F9}.Debug|Mixed Platforms.ActiveCfg = Debug|Any CPU
		{A591AF1C-BE00-4E70-B125-F5A85863A1F9}.Debug|Mixed Platforms.Build.0 = Debug|Any CPU
		{A591AF1C-BE00-4E70-B125-F5A85863A1F9}.Debug|x86.ActiveCfg = Debug|Any CPU
		{A591AF1C-BE00-4E70-B125-F5A85863A1F9}.Release|Any CPU.ActiveCfg = Release|Any CPU
		{A591AF1C-BE00-4E70-B125-F5A85863A1F9}.Release|Any CPU.Build.0 = Release|Any CPU
		{A591AF1C-BE00-4E70-B125-F5A85863A1F9}.Release|Mixed Platforms.ActiveCfg = Release|Any CPU
		{A591AF1C-BE00-4E70-B125-F5A85863A1F9}.Release|Mixed Platforms.Build.0 = Release|Any CPU
		{A591AF1C-BE00-4E70-B125-F5A85863A1F9}.Release|x86.ActiveCfg = Release|Any CPU
		{E78A2941-C4D9-4573-B0D3-FA9D1C839AE3}.Debug|Any CPU.ActiveCfg = Debug|Any CPU
		{E78A2941-C4D9-4573-B0D3-FA9D1C839AE3}.Debug|Any CPU.Build.0 = Debug|Any CPU
		{E78A2941-C4D9-4573-B0D3-FA9D1C839AE3}.Debug|Mixed Platforms.ActiveCfg = Debug|Any CPU
		{E78A2941-C4D9-4573-B0D3-FA9D1C839AE3}.Debug|Mixed Platforms.Build.0 = Debug|Any CPU
		{E78A2941-C4D9-4573-B0D3-FA9D1C839AE3}.Debug|x86.ActiveCfg = Debug|Any CPU
		{E78A2941-C4D9-4573-B0D3-FA9D1C839AE3}.Release|Any CPU.ActiveCfg = Release|Any CPU
		{E78A2941-C4D9-4573-B0D3-FA9D1C839AE3}.Release|Any CPU.Build.0 = Release|Any CPU
		{E78A2941-C4D9-4573-B0D3-FA9D1C839AE3}.Release|Mixed Platforms.ActiveCfg = Release|Any CPU
		{E78A2941-C4D9-4573-B0D3-FA9D1C839AE3}.Release|Mixed Platforms.Build.0 = Release|Any CPU
		{E78A2941-C4D9-4573-B0D3-FA9D1C839AE3}.Release|x86.ActiveCfg = Release|Any CPU
		{B1645644-4417-44D2-92C0-5B5BF80CC9CC}.Debug|Any CPU.ActiveCfg = Debug|Any CPU
		{B1645644-4417-44D2-92C0-5B5BF80CC9CC}.Debug|Any CPU.Build.0 = Debug|Any CPU
		{B1645644-4417-44D2-92C0-5B5BF80CC9CC}.Debug|Mixed Platforms.ActiveCfg = Debug|Any CPU
		{B1645644-4417-44D2-92C0-5B5BF80CC9CC}.Debug|Mixed Platforms.Build.0 = Debug|Any CPU
		{B1645644-4417-44D2-92C0-5B5BF80CC9CC}.Debug|x86.ActiveCfg = Debug|Any CPU
		{B1645644-4417-44D2-92C0-5B5BF80CC9CC}.Release|Any CPU.ActiveCfg = Release|Any CPU
		{B1645644-4417-44D2-92C0-5B5BF80CC9CC}.Release|Any CPU.Build.0 = Release|Any CPU
		{B1645644-4417-44D2-92C0-5B5BF80CC9CC}.Release|Mixed Platforms.ActiveCfg = Release|Any CPU
		{B1645644-4417-44D2-92C0-5B5BF80CC9CC}.Release|Mixed Platforms.Build.0 = Release|Any CPU
		{B1645644-4417-44D2-92C0-5B5BF80CC9CC}.Release|x86.ActiveCfg = Release|Any CPU
		{2E9F288F-74FC-4BA7-8920-7A1421800B7D}.Debug|Any CPU.ActiveCfg = Debug|Any CPU
		{2E9F288F-74FC-4BA7-8920-7A1421800B7D}.Debug|Any CPU.Build.0 = Debug|Any CPU
		{2E9F288F-74FC-4BA7-8920-7A1421800B7D}.Debug|Mixed Platforms.ActiveCfg = Debug|Any CPU
		{2E9F288F-74FC-4BA7-8920-7A1421800B7D}.Debug|Mixed Platforms.Build.0 = Debug|Any CPU
		{2E9F288F-74FC-4BA7-8920-7A1421800B7D}.Debug|x86.ActiveCfg = Debug|Any CPU
		{2E9F288F-74FC-4BA7-8920-7A1421800B7D}.Release|Any CPU.ActiveCfg = Release|Any CPU
		{2E9F288F-74FC-4BA7-8920-7A1421800B7D}.Release|Any CPU.Build.0 = Release|Any CPU
		{2E9F288F-74FC-4BA7-8920-7A1421800B7D}.Release|Mixed Platforms.ActiveCfg = Release|Any CPU
		{2E9F288F-74FC-4BA7-8920-7A1421800B7D}.Release|Mixed Platforms.Build.0 = Release|Any CPU
		{2E9F288F-74FC-4BA7-8920-7A1421800B7D}.Release|x86.ActiveCfg = Release|Any CPU
		{2E84EDB0-A00A-423E-B622-F5A8B952AC7C}.Debug|Any CPU.ActiveCfg = Debug|Any CPU
		{2E84EDB0-A00A-423E-B622-F5A8B952AC7C}.Debug|Any CPU.Build.0 = Debug|Any CPU
		{2E84EDB0-A00A-423E-B622-F5A8B952AC7C}.Debug|Mixed Platforms.ActiveCfg = Debug|Any CPU
		{2E84EDB0-A00A-423E-B622-F5A8B952AC7C}.Debug|Mixed Platforms.Build.0 = Debug|Any CPU
		{2E84EDB0-A00A-423E-B622-F5A8B952AC7C}.Debug|x86.ActiveCfg = Debug|Any CPU
		{2E84EDB0-A00A-423E-B622-F5A8B952AC7C}.Release|Any CPU.ActiveCfg = Release|Any CPU
		{2E84EDB0-A00A-423E-B622-F5A8B952AC7C}.Release|Any CPU.Build.0 = Release|Any CPU
		{2E84EDB0-A00A-423E-B622-F5A8B952AC7C}.Release|Mixed Platforms.ActiveCfg = Release|Any CPU
		{2E84EDB0-A00A-423E-B622-F5A8B952AC7C}.Release|Mixed Platforms.Build.0 = Release|Any CPU
		{2E84EDB0-A00A-423E-B622-F5A8B952AC7C}.Release|x86.ActiveCfg = Release|Any CPU
		{ED9A0226-F4B6-4EFD-B4F5-9A1E9B3E619D}.Debug|Any CPU.ActiveCfg = Debug|Any CPU
		{ED9A0226-F4B6-4EFD-B4F5-9A1E9B3E619D}.Debug|Any CPU.Build.0 = Debug|Any CPU
		{ED9A0226-F4B6-4EFD-B4F5-9A1E9B3E619D}.Debug|Mixed Platforms.ActiveCfg = Debug|Any CPU
		{ED9A0226-F4B6-4EFD-B4F5-9A1E9B3E619D}.Debug|Mixed Platforms.Build.0 = Debug|Any CPU
		{ED9A0226-F4B6-4EFD-B4F5-9A1E9B3E619D}.Debug|x86.ActiveCfg = Debug|Any CPU
		{ED9A0226-F4B6-4EFD-B4F5-9A1E9B3E619D}.Debug|x86.Build.0 = Debug|Any CPU
		{ED9A0226-F4B6-4EFD-B4F5-9A1E9B3E619D}.Release|Any CPU.ActiveCfg = Release|Any CPU
		{ED9A0226-F4B6-4EFD-B4F5-9A1E9B3E619D}.Release|Any CPU.Build.0 = Release|Any CPU
		{ED9A0226-F4B6-4EFD-B4F5-9A1E9B3E619D}.Release|Mixed Platforms.ActiveCfg = Release|Any CPU
		{ED9A0226-F4B6-4EFD-B4F5-9A1E9B3E619D}.Release|Mixed Platforms.Build.0 = Release|Any CPU
		{ED9A0226-F4B6-4EFD-B4F5-9A1E9B3E619D}.Release|x86.ActiveCfg = Release|Any CPU
		{ED9A0226-F4B6-4EFD-B4F5-9A1E9B3E619D}.Release|x86.Build.0 = Release|Any CPU
		{4AF1FD6A-CAC4-40FE-847F-170F05C14120}.Debug|Any CPU.ActiveCfg = Debug|Any CPU
		{4AF1FD6A-CAC4-40FE-847F-170F05C14120}.Debug|Any CPU.Build.0 = Debug|Any CPU
		{4AF1FD6A-CAC4-40FE-847F-170F05C14120}.Debug|Mixed Platforms.ActiveCfg = Debug|Any CPU
		{4AF1FD6A-CAC4-40FE-847F-170F05C14120}.Debug|Mixed Platforms.Build.0 = Debug|Any CPU
		{4AF1FD6A-CAC4-40FE-847F-170F05C14120}.Debug|x86.ActiveCfg = Debug|Any CPU
		{4AF1FD6A-CAC4-40FE-847F-170F05C14120}.Debug|x86.Build.0 = Debug|Any CPU
		{4AF1FD6A-CAC4-40FE-847F-170F05C14120}.Release|Any CPU.ActiveCfg = Release|Any CPU
		{4AF1FD6A-CAC4-40FE-847F-170F05C14120}.Release|Any CPU.Build.0 = Release|Any CPU
		{4AF1FD6A-CAC4-40FE-847F-170F05C14120}.Release|Mixed Platforms.ActiveCfg = Release|Any CPU
		{4AF1FD6A-CAC4-40FE-847F-170F05C14120}.Release|Mixed Platforms.Build.0 = Release|Any CPU
		{4AF1FD6A-CAC4-40FE-847F-170F05C14120}.Release|x86.ActiveCfg = Release|Any CPU
		{4AF1FD6A-CAC4-40FE-847F-170F05C14120}.Release|x86.Build.0 = Release|Any CPU
		{F1DD047D-521B-4EF4-BB2F-F276A8272814}.Debug|Any CPU.ActiveCfg = Debug|Any CPU
		{F1DD047D-521B-4EF4-BB2F-F276A8272814}.Debug|Any CPU.Build.0 = Debug|Any CPU
		{F1DD047D-521B-4EF4-BB2F-F276A8272814}.Debug|Mixed Platforms.ActiveCfg = Debug|Any CPU
		{F1DD047D-521B-4EF4-BB2F-F276A8272814}.Debug|Mixed Platforms.Build.0 = Debug|Any CPU
		{F1DD047D-521B-4EF4-BB2F-F276A8272814}.Debug|x86.ActiveCfg = Debug|Any CPU
		{F1DD047D-521B-4EF4-BB2F-F276A8272814}.Debug|x86.Build.0 = Debug|Any CPU
		{F1DD047D-521B-4EF4-BB2F-F276A8272814}.Release|Any CPU.ActiveCfg = Release|Any CPU
		{F1DD047D-521B-4EF4-BB2F-F276A8272814}.Release|Any CPU.Build.0 = Release|Any CPU
		{F1DD047D-521B-4EF4-BB2F-F276A8272814}.Release|Mixed Platforms.ActiveCfg = Release|Any CPU
		{F1DD047D-521B-4EF4-BB2F-F276A8272814}.Release|Mixed Platforms.Build.0 = Release|Any CPU
		{F1DD047D-521B-4EF4-BB2F-F276A8272814}.Release|x86.ActiveCfg = Release|Any CPU
		{F1DD047D-521B-4EF4-BB2F-F276A8272814}.Release|x86.Build.0 = Release|Any CPU
		{B2563597-6EE2-4F5A-AA24-76F55E1449FE}.Debug|Any CPU.ActiveCfg = Debug|Any CPU
		{B2563597-6EE2-4F5A-AA24-76F55E1449FE}.Debug|Any CPU.Build.0 = Debug|Any CPU
		{B2563597-6EE2-4F5A-AA24-76F55E1449FE}.Debug|Mixed Platforms.ActiveCfg = Debug|Any CPU
		{B2563597-6EE2-4F5A-AA24-76F55E1449FE}.Debug|Mixed Platforms.Build.0 = Debug|Any CPU
		{B2563597-6EE2-4F5A-AA24-76F55E1449FE}.Debug|x86.ActiveCfg = Debug|Any CPU
		{B2563597-6EE2-4F5A-AA24-76F55E1449FE}.Debug|x86.Build.0 = Debug|Any CPU
		{B2563597-6EE2-4F5A-AA24-76F55E1449FE}.Release|Any CPU.ActiveCfg = Release|Any CPU
		{B2563597-6EE2-4F5A-AA24-76F55E1449FE}.Release|Any CPU.Build.0 = Release|Any CPU
		{B2563597-6EE2-4F5A-AA24-76F55E1449FE}.Release|Mixed Platforms.ActiveCfg = Release|Any CPU
		{B2563597-6EE2-4F5A-AA24-76F55E1449FE}.Release|Mixed Platforms.Build.0 = Release|Any CPU
		{B2563597-6EE2-4F5A-AA24-76F55E1449FE}.Release|x86.ActiveCfg = Release|Any CPU
		{B2563597-6EE2-4F5A-AA24-76F55E1449FE}.Release|x86.Build.0 = Release|Any CPU
	EndGlobalSection
	GlobalSection(SolutionProperties) = preSolution
		HideSolutionNode = FALSE
	EndGlobalSection
	GlobalSection(ExtensibilityGlobals) = postSolution
		SolutionGuid = {B5AB10BF-2577-4396-A2FD-D2D3742F0615}
		VisualSVNWorkingCopyRoot = .
	EndGlobalSection
EndGlobal
